// !$*UTF8*$!
{
	archiveVersion = 1;
	classes = {
	};
	objectVersion = 46;
	objects = {

/* Begin PBXBuildFile section */
		4879FE0E1D71D3FC0028E3F8 /* main.m in Sources */ = {isa = PBXBuildFile; fileRef = 4879FE0D1D71D3FC0028E3F8 /* main.m */; };
		4879FE111D71D3FC0028E3F8 /* AppDelegate.m in Sources */ = {isa = PBXBuildFile; fileRef = 4879FE101D71D3FC0028E3F8 /* AppDelegate.m */; };
		4879FE141D71D3FC0028E3F8 /* ViewController.m in Sources */ = {isa = PBXBuildFile; fileRef = 4879FE131D71D3FC0028E3F8 /* ViewController.m */; };
		4879FE171D71D3FC0028E3F8 /* Main.storyboard in Resources */ = {isa = PBXBuildFile; fileRef = 4879FE151D71D3FC0028E3F8 /* Main.storyboard */; };
		4879FE1A1D71D3FC0028E3F8 /* ______.xcdatamodeld in Sources */ = {isa = PBXBuildFile; fileRef = 4879FE181D71D3FC0028E3F8 /* ______.xcdatamodeld */; };
		4879FE1C1D71D3FC0028E3F8 /* Assets.xcassets in Resources */ = {isa = PBXBuildFile; fileRef = 4879FE1B1D71D3FC0028E3F8 /* Assets.xcassets */; };
		4879FE1F1D71D3FC0028E3F8 /* LaunchScreen.storyboard in Resources */ = {isa = PBXBuildFile; fileRef = 4879FE1D1D71D3FC0028E3F8 /* LaunchScreen.storyboard */; };
		4879FE2A1D71D3FC0028E3F8 /* ______Tests.m in Sources */ = {isa = PBXBuildFile; fileRef = 4879FE291D71D3FC0028E3F8 /* ______Tests.m */; };
		4879FE351D71D3FC0028E3F8 /* ______UITests.m in Sources */ = {isa = PBXBuildFile; fileRef = 4879FE341D71D3FC0028E3F8 /* ______UITests.m */; };
/* End PBXBuildFile section */

/* Begin PBXContainerItemProxy section */
		4879FE261D71D3FC0028E3F8 /* PBXContainerItemProxy */ = {
			isa = PBXContainerItemProxy;
			containerPortal = 4879FE011D71D3FC0028E3F8 /* Project object */;
			proxyType = 1;
			remoteGlobalIDString = 4879FE081D71D3FC0028E3F8;
			remoteInfo = "固态数字键盘";
		};
		4879FE311D71D3FC0028E3F8 /* PBXContainerItemProxy */ = {
			isa = PBXContainerItemProxy;
			containerPortal = 4879FE011D71D3FC0028E3F8 /* Project object */;
			proxyType = 1;
			remoteGlobalIDString = 4879FE081D71D3FC0028E3F8;
			remoteInfo = "固态数字键盘";
		};
/* End PBXContainerItemProxy section */

/* Begin PBXFileReference section */
		4879FE091D71D3FC0028E3F8 /* 固态数字键盘.app */ = {isa = PBXFileReference; explicitFileType = wrapper.application; includeInIndex = 0; path = "固态数字键盘.app"; sourceTree = BUILT_PRODUCTS_DIR; };
		4879FE0D1D71D3FC0028E3F8 /* main.m */ = {isa = PBXFileReference; lastKnownFileType = sourcecode.c.objc; path = main.m; sourceTree = "<group>"; };
		4879FE0F1D71D3FC0028E3F8 /* AppDelegate.h */ = {isa = PBXFileReference; lastKnownFileType = sourcecode.c.h; path = AppDelegate.h; sourceTree = "<group>"; };
		4879FE101D71D3FC0028E3F8 /* AppDelegate.m */ = {isa = PBXFileReference; lastKnownFileType = sourcecode.c.objc; path = AppDelegate.m; sourceTree = "<group>"; };
		4879FE121D71D3FC0028E3F8 /* ViewController.h */ = {isa = PBXFileReference; lastKnownFileType = sourcecode.c.h; path = ViewController.h; sourceTree = "<group>"; };
		4879FE131D71D3FC0028E3F8 /* ViewController.m */ = {isa = PBXFileReference; lastKnownFileType = sourcecode.c.objc; path = ViewController.m; sourceTree = "<group>"; };
		4879FE161D71D3FC0028E3F8 /* Base */ = {isa = PBXFileReference; lastKnownFileType = file.storyboard; name = Base; path = Base.lproj/Main.storyboard; sourceTree = "<group>"; };
		4879FE191D71D3FC0028E3F8 /* ______.xcdatamodel */ = {isa = PBXFileReference; lastKnownFileType = wrapper.xcdatamodel; path = "______.xcdatamodel"; sourceTree = "<group>"; };
		4879FE1B1D71D3FC0028E3F8 /* Assets.xcassets */ = {isa = PBXFileReference; lastKnownFileType = folder.assetcatalog; path = Assets.xcassets; sourceTree = "<group>"; };
		4879FE1E1D71D3FC0028E3F8 /* Base */ = {isa = PBXFileReference; lastKnownFileType = file.storyboard; name = Base; path = Base.lproj/LaunchScreen.storyboard; sourceTree = "<group>"; };
		4879FE201D71D3FC0028E3F8 /* Info.plist */ = {isa = PBXFileReference; lastKnownFileType = text.plist.xml; path = Info.plist; sourceTree = "<group>"; };
		4879FE251D71D3FC0028E3F8 /* 固态数字键盘Tests.xctest */ = {isa = PBXFileReference; explicitFileType = wrapper.cfbundle; includeInIndex = 0; path = "固态数字键盘Tests.xctest"; sourceTree = BUILT_PRODUCTS_DIR; };
		4879FE291D71D3FC0028E3F8 /* ______Tests.m */ = {isa = PBXFileReference; lastKnownFileType = sourcecode.c.objc; path = "______Tests.m"; sourceTree = "<group>"; };
		4879FE2B1D71D3FC0028E3F8 /* Info.plist */ = {isa = PBXFileReference; lastKnownFileType = text.plist.xml; path = Info.plist; sourceTree = "<group>"; };
		4879FE301D71D3FC0028E3F8 /* 固态数字键盘UITests.xctest */ = {isa = PBXFileReference; explicitFileType = wrapper.cfbundle; includeInIndex = 0; path = "固态数字键盘UITests.xctest"; sourceTree = BUILT_PRODUCTS_DIR; };
		4879FE341D71D3FC0028E3F8 /* ______UITests.m */ = {isa = PBXFileReference; lastKnownFileType = sourcecode.c.objc; path = "______UITests.m"; sourceTree = "<group>"; };
		4879FE361D71D3FC0028E3F8 /* Info.plist */ = {isa = PBXFileReference; lastKnownFileType = text.plist.xml; path = Info.plist; sourceTree = "<group>"; };
/* End PBXFileReference section */

/* Begin PBXFrameworksBuildPhase section */
		4879FE061D71D3FC0028E3F8 /* Frameworks */ = {
			isa = PBXFrameworksBuildPhase;
			buildActionMask = 2147483647;
			files = (
			);
			runOnlyForDeploymentPostprocessing = 0;
		};
		4879FE221D71D3FC0028E3F8 /* Frameworks */ = {
			isa = PBXFrameworksBuildPhase;
			buildActionMask = 2147483647;
			files = (
			);
			runOnlyForDeploymentPostprocessing = 0;
		};
		4879FE2D1D71D3FC0028E3F8 /* Frameworks */ = {
			isa = PBXFrameworksBuildPhase;
			buildActionMask = 2147483647;
			files = (
			);
			runOnlyForDeploymentPostprocessing = 0;
		};
/* End PBXFrameworksBuildPhase section */

/* Begin PBXGroup section */
		4879FE001D71D3FC0028E3F8 = {
			isa = PBXGroup;
			children = (
				4879FE0B1D71D3FC0028E3F8 /* 固态数字键盘 */,
				4879FE281D71D3FC0028E3F8 /* 固态数字键盘Tests */,
				4879FE331D71D3FC0028E3F8 /* 固态数字键盘UITests */,
				4879FE0A1D71D3FC0028E3F8 /* Products */,
			);
			sourceTree = "<group>";
		};
		4879FE0A1D71D3FC0028E3F8 /* Products */ = {
			isa = PBXGroup;
			children = (
				4879FE091D71D3FC0028E3F8 /* 固态数字键盘.app */,
				4879FE251D71D3FC0028E3F8 /* 固态数字键盘Tests.xctest */,
				4879FE301D71D3FC0028E3F8 /* 固态数字键盘UITests.xctest */,
			);
			name = Products;
			sourceTree = "<group>";
		};
		4879FE0B1D71D3FC0028E3F8 /* 固态数字键盘 */ = {
			isa = PBXGroup;
			children = (
				4879FE0F1D71D3FC0028E3F8 /* AppDelegate.h */,
				4879FE101D71D3FC0028E3F8 /* AppDelegate.m */,
				4879FE121D71D3FC0028E3F8 /* ViewController.h */,
				4879FE131D71D3FC0028E3F8 /* ViewController.m */,
				4879FE151D71D3FC0028E3F8 /* Main.storyboard */,
				4879FE1B1D71D3FC0028E3F8 /* Assets.xcassets */,
				4879FE1D1D71D3FC0028E3F8 /* LaunchScreen.storyboard */,
				4879FE201D71D3FC0028E3F8 /* Info.plist */,
				4879FE181D71D3FC0028E3F8 /* ______.xcdatamodeld */,
				4879FE0C1D71D3FC0028E3F8 /* Supporting Files */,
			);
			path = "固态数字键盘";
			sourceTree = "<group>";
		};
		4879FE0C1D71D3FC0028E3F8 /* Supporting Files */ = {
			isa = PBXGroup;
			children = (
				4879FE0D1D71D3FC0028E3F8 /* main.m */,
			);
			name = "Supporting Files";
			sourceTree = "<group>";
		};
		4879FE281D71D3FC0028E3F8 /* 固态数字键盘Tests */ = {
			isa = PBXGroup;
			children = (
				4879FE291D71D3FC0028E3F8 /* ______Tests.m */,
				4879FE2B1D71D3FC0028E3F8 /* Info.plist */,
			);
			path = "固态数字键盘Tests";
			sourceTree = "<group>";
		};
		4879FE331D71D3FC0028E3F8 /* 固态数字键盘UITests */ = {
			isa = PBXGroup;
			children = (
				4879FE341D71D3FC0028E3F8 /* ______UITests.m */,
				4879FE361D71D3FC0028E3F8 /* Info.plist */,
			);
			path = "固态数字键盘UITests";
			sourceTree = "<group>";
		};
/* End PBXGroup section */

/* Begin PBXNativeTarget section */
		4879FE081D71D3FC0028E3F8 /* 固态数字键盘 */ = {
			isa = PBXNativeTarget;
			buildConfigurationList = 4879FE391D71D3FC0028E3F8 /* Build configuration list for PBXNativeTarget "固态数字键盘" */;
			buildPhases = (
				4879FE051D71D3FC0028E3F8 /* Sources */,
				4879FE061D71D3FC0028E3F8 /* Frameworks */,
				4879FE071D71D3FC0028E3F8 /* Resources */,
			);
			buildRules = (
			);
			dependencies = (
			);
			name = "固态数字键盘";
			productName = "固态数字键盘";
			productReference = 4879FE091D71D3FC0028E3F8 /* 固态数字键盘.app */;
			productType = "com.apple.product-type.application";
		};
		4879FE241D71D3FC0028E3F8 /* 固态数字键盘Tests */ = {
			isa = PBXNativeTarget;
			buildConfigurationList = 4879FE3C1D71D3FC0028E3F8 /* Build configuration list for PBXNativeTarget "固态数字键盘Tests" */;
			buildPhases = (
				4879FE211D71D3FC0028E3F8 /* Sources */,
				4879FE221D71D3FC0028E3F8 /* Frameworks */,
				4879FE231D71D3FC0028E3F8 /* Resources */,
			);
			buildRules = (
			);
			dependencies = (
				4879FE271D71D3FC0028E3F8 /* PBXTargetDependency */,
			);
			name = "固态数字键盘Tests";
			productName = "固态数字键盘Tests";
			productReference = 4879FE251D71D3FC0028E3F8 /* 固态数字键盘Tests.xctest */;
			productType = "com.apple.product-type.bundle.unit-test";
		};
		4879FE2F1D71D3FC0028E3F8 /* 固态数字键盘UITests */ = {
			isa = PBXNativeTarget;
			buildConfigurationList = 4879FE3F1D71D3FC0028E3F8 /* Build configuration list for PBXNativeTarget "固态数字键盘UITests" */;
			buildPhases = (
				4879FE2C1D71D3FC0028E3F8 /* Sources */,
				4879FE2D1D71D3FC0028E3F8 /* Frameworks */,
				4879FE2E1D71D3FC0028E3F8 /* Resources */,
			);
			buildRules = (
			);
			dependencies = (
				4879FE321D71D3FC0028E3F8 /* PBXTargetDependency */,
			);
			name = "固态数字键盘UITests";
			productName = "固态数字键盘UITests";
			productReference = 4879FE301D71D3FC0028E3F8 /* 固态数字键盘UITests.xctest */;
			productType = "com.apple.product-type.bundle.ui-testing";
		};
/* End PBXNativeTarget section */

/* Begin PBXProject section */
		4879FE011D71D3FC0028E3F8 /* Project object */ = {
			isa = PBXProject;
			attributes = {
				LastUpgradeCheck = 0730;
				ORGANIZATIONNAME = "蒋佳伟";
				TargetAttributes = {
					4879FE081D71D3FC0028E3F8 = {
						CreatedOnToolsVersion = 7.3.1;
					};
					4879FE241D71D3FC0028E3F8 = {
						CreatedOnToolsVersion = 7.3.1;
						TestTargetID = 4879FE081D71D3FC0028E3F8;
					};
					4879FE2F1D71D3FC0028E3F8 = {
						CreatedOnToolsVersion = 7.3.1;
						TestTargetID = 4879FE081D71D3FC0028E3F8;
					};
				};
			};
			buildConfigurationList = 4879FE041D71D3FC0028E3F8 /* Build configuration list for PBXProject "固态数字键盘" */;
			compatibilityVersion = "Xcode 3.2";
			developmentRegion = English;
			hasScannedForEncodings = 0;
			knownRegions = (
				en,
				Base,
			);
			mainGroup = 4879FE001D71D3FC0028E3F8;
			productRefGroup = 4879FE0A1D71D3FC0028E3F8 /* Products */;
			projectDirPath = "";
			projectRoot = "";
			targets = (
				4879FE081D71D3FC0028E3F8 /* 固态数字键盘 */,
				4879FE241D71D3FC0028E3F8 /* 固态数字键盘Tests */,
				4879FE2F1D71D3FC0028E3F8 /* 固态数字键盘UITests */,
			);
		};
/* End PBXProject section */

/* Begin PBXResourcesBuildPhase section */
		4879FE071D71D3FC0028E3F8 /* Resources */ = {
			isa = PBXResourcesBuildPhase;
			buildActionMask = 2147483647;
			files = (
				4879FE1F1D71D3FC0028E3F8 /* LaunchScreen.storyboard in Resources */,
				4879FE1C1D71D3FC0028E3F8 /* Assets.xcassets in Resources */,
				4879FE171D71D3FC0028E3F8 /* Main.storyboard in Resources */,
			);
			runOnlyForDeploymentPostprocessing = 0;
		};
		4879FE231D71D3FC0028E3F8 /* Resources */ = {
			isa = PBXResourcesBuildPhase;
			buildActionMask = 2147483647;
			files = (
			);
			runOnlyForDeploymentPostprocessing = 0;
		};
		4879FE2E1D71D3FC0028E3F8 /* Resources */ = {
			isa = PBXResourcesBuildPhase;
			buildActionMask = 2147483647;
			files = (
			);
			runOnlyForDeploymentPostprocessing = 0;
		};
/* End PBXResourcesBuildPhase section */

/* Begin PBXSourcesBuildPhase section */
		4879FE051D71D3FC0028E3F8 /* Sources */ = {
			isa = PBXSourcesBuildPhase;
			buildActionMask = 2147483647;
			files = (
				4879FE141D71D3FC0028E3F8 /* ViewController.m in Sources */,
				4879FE1A1D71D3FC0028E3F8 /* ______.xcdatamodeld in Sources */,
				4879FE111D71D3FC0028E3F8 /* AppDelegate.m in Sources */,
				4879FE0E1D71D3FC0028E3F8 /* main.m in Sources */,
			);
			runOnlyForDeploymentPostprocessing = 0;
		};
		4879FE211D71D3FC0028E3F8 /* Sources */ = {
			isa = PBXSourcesBuildPhase;
			buildActionMask = 2147483647;
			files = (
				4879FE2A1D71D3FC0028E3F8 /* ______Tests.m in Sources */,
			);
			runOnlyForDeploymentPostprocessing = 0;
		};
		4879FE2C1D71D3FC0028E3F8 /* Sources */ = {
			isa = PBXSourcesBuildPhase;
			buildActionMask = 2147483647;
			files = (
				4879FE351D71D3FC0028E3F8 /* ______UITests.m in Sources */,
			);
			runOnlyForDeploymentPostprocessing = 0;
		};
/* End PBXSourcesBuildPhase section */

/* Begin PBXTargetDependency section */
		4879FE271D71D3FC0028E3F8 /* PBXTargetDependency */ = {
			isa = PBXTargetDependency;
			target = 4879FE081D71D3FC0028E3F8 /* 固态数字键盘 */;
			targetProxy = 4879FE261D71D3FC0028E3F8 /* PBXContainerItemProxy */;
		};
		4879FE321D71D3FC0028E3F8 /* PBXTargetDependency */ = {
			isa = PBXTargetDependency;
			target = 4879FE081D71D3FC0028E3F8 /* 固态数字键盘 */;
			targetProxy = 4879FE311D71D3FC0028E3F8 /* PBXContainerItemProxy */;
		};
/* End PBXTargetDependency section */

/* Begin PBXVariantGroup section */
		4879FE151D71D3FC0028E3F8 /* Main.storyboard */ = {
			isa = PBXVariantGroup;
			children = (
				4879FE161D71D3FC0028E3F8 /* Base */,
			);
			name = Main.storyboard;
			sourceTree = "<group>";
		};
		4879FE1D1D71D3FC0028E3F8 /* LaunchScreen.storyboard */ = {
			isa = PBXVariantGroup;
			children = (
				4879FE1E1D71D3FC0028E3F8 /* Base */,
			);
			name = LaunchScreen.storyboard;
			sourceTree = "<group>";
		};
/* End PBXVariantGroup section */

/* Begin XCBuildConfiguration section */
		4879FE371D71D3FC0028E3F8 /* Debug */ = {
			isa = XCBuildConfiguration;
			buildSettings = {
				ALWAYS_SEARCH_USER_PATHS = NO;
				CLANG_ANALYZER_NONNULL = YES;
				CLANG_CXX_LANGUAGE_STANDARD = "gnu++0x";
				CLANG_CXX_LIBRARY = "libc++";
				CLANG_ENABLE_MODULES = YES;
				CLANG_ENABLE_OBJC_ARC = YES;
				CLANG_WARN_BOOL_CONVERSION = YES;
				CLANG_WARN_CONSTANT_CONVERSION = YES;
				CLANG_WARN_DIRECT_OBJC_ISA_USAGE = YES_ERROR;
				CLANG_WARN_EMPTY_BODY = YES;
				CLANG_WARN_ENUM_CONVERSION = YES;
				CLANG_WARN_INT_CONVERSION = YES;
				CLANG_WARN_OBJC_ROOT_CLASS = YES_ERROR;
				CLANG_WARN_UNREACHABLE_CODE = YES;
				CLANG_WARN__DUPLICATE_METHOD_MATCH = YES;
				"CODE_SIGN_IDENTITY[sdk=iphoneos*]" = "iPhone Developer";
				COPY_PHASE_STRIP = NO;
				DEBUG_INFORMATION_FORMAT = dwarf;
				ENABLE_STRICT_OBJC_MSGSEND = YES;
				ENABLE_TESTABILITY = YES;
				GCC_C_LANGUAGE_STANDARD = gnu99;
				GCC_DYNAMIC_NO_PIC = NO;
				GCC_NO_COMMON_BLOCKS = YES;
				GCC_OPTIMIZATION_LEVEL = 0;
				GCC_PREPROCESSOR_DEFINITIONS = (
					"DEBUG=1",
					"$(inherited)",
				);
				GCC_WARN_64_TO_32_BIT_CONVERSION = YES;
				GCC_WARN_ABOUT_RETURN_TYPE = YES_ERROR;
				GCC_WARN_UNDECLARED_SELECTOR = YES;
				GCC_WARN_UNINITIALIZED_AUTOS = YES_AGGRESSIVE;
				GCC_WARN_UNUSED_FUNCTION = YES;
				GCC_WARN_UNUSED_VARIABLE = YES;
				IPHONEOS_DEPLOYMENT_TARGET = 9.3;
				MTL_ENABLE_DEBUG_INFO = YES;
				ONLY_ACTIVE_ARCH = YES;
				SDKROOT = iphoneos;
				TARGETED_DEVICE_FAMILY = "1,2";
			};
			name = Debug;
		};
		4879FE381D71D3FC0028E3F8 /* Release */ = {
			isa = XCBuildConfiguration;
			buildSettings = {
				ALWAYS_SEARCH_USER_PATHS = NO;
				CLANG_ANALYZER_NONNULL = YES;
				CLANG_CXX_LANGUAGE_STANDARD = "gnu++0x";
				CLANG_CXX_LIBRARY = "libc++";
				CLANG_ENABLE_MODULES = YES;
				CLANG_ENABLE_OBJC_ARC = YES;
				CLANG_WARN_BOOL_CONVERSION = YES;
				CLANG_WARN_CONSTANT_CONVERSION = YES;
				CLANG_WARN_DIRECT_OBJC_ISA_USAGE = YES_ERROR;
				CLANG_WARN_EMPTY_BODY = YES;
				CLANG_WARN_ENUM_CONVERSION = YES;
				CLANG_WARN_INT_CONVERSION = YES;
				CLANG_WARN_OBJC_ROOT_CLASS = YES_ERROR;
				CLANG_WARN_UNREACHABLE_CODE = YES;
				CLANG_WARN__DUPLICATE_METHOD_MATCH = YES;
				"CODE_SIGN_IDENTITY[sdk=iphoneos*]" = "iPhone Developer";
				COPY_PHASE_STRIP = NO;
				DEBUG_INFORMATION_FORMAT = "dwarf-with-dsym";
				ENABLE_NS_ASSERTIONS = NO;
				ENABLE_STRICT_OBJC_MSGSEND = YES;
				GCC_C_LANGUAGE_STANDARD = gnu99;
				GCC_NO_COMMON_BLOCKS = YES;
				GCC_WARN_64_TO_32_BIT_CONVERSION = YES;
				GCC_WARN_ABOUT_RETURN_TYPE = YES_ERROR;
				GCC_WARN_UNDECLARED_SELECTOR = YES;
				GCC_WARN_UNINITIALIZED_AUTOS = YES_AGGRESSIVE;
				GCC_WARN_UNUSED_FUNCTION = YES;
				GCC_WARN_UNUSED_VARIABLE = YES;
				IPHONEOS_DEPLOYMENT_TARGET = 9.3;
				MTL_ENABLE_DEBUG_INFO = NO;
				SDKROOT = iphoneos;
				TARGETED_DEVICE_FAMILY = "1,2";
				VALIDATE_PRODUCT = YES;
			};
			name = Release;
		};
		4879FE3A1D71D3FC0028E3F8 /* Debug */ = {
			isa = XCBuildConfiguration;
			buildSettings = {
				ASSETCATALOG_COMPILER_APPICON_NAME = AppIcon;
				INFOPLIST_FILE = "固态数字键盘/Info.plist";
				LD_RUNPATH_SEARCH_PATHS = "$(inherited) @executable_path/Frameworks";
				PRODUCT_BUNDLE_IDENTIFIER = "JJW.------";
				PRODUCT_NAME = "$(TARGET_NAME)";
			};
			name = Debug;
		};
		4879FE3B1D71D3FC0028E3F8 /* Release */ = {
			isa = XCBuildConfiguration;
			buildSettings = {
				ASSETCATALOG_COMPILER_APPICON_NAME = AppIcon;
				INFOPLIST_FILE = "固态数字键盘/Info.plist";
				LD_RUNPATH_SEARCH_PATHS = "$(inherited) @executable_path/Frameworks";
				PRODUCT_BUNDLE_IDENTIFIER = "JJW.------";
				PRODUCT_NAME = "$(TARGET_NAME)";
			};
			name = Release;
		};
		4879FE3D1D71D3FC0028E3F8 /* Debug */ = {
			isa = XCBuildConfiguration;
			buildSettings = {
				BUNDLE_LOADER = "$(TEST_HOST)";
				INFOPLIST_FILE = "固态数字键盘Tests/Info.plist";
				LD_RUNPATH_SEARCH_PATHS = "$(inherited) @executable_path/Frameworks @loader_path/Frameworks";
				PRODUCT_BUNDLE_IDENTIFIER = "JJW.------Tests";
				PRODUCT_NAME = "$(TARGET_NAME)";
				TEST_HOST = "$(BUILT_PRODUCTS_DIR)/固态数字键盘.app/固态数字键盘";
			};
			name = Debug;
		};
		4879FE3E1D71D3FC0028E3F8 /* Release */ = {
			isa = XCBuildConfiguration;
			buildSettings = {
				BUNDLE_LOADER = "$(TEST_HOST)";
				INFOPLIST_FILE = "固态数字键盘Tests/Info.plist";
				LD_RUNPATH_SEARCH_PATHS = "$(inherited) @executable_path/Frameworks @loader_path/Frameworks";
				PRODUCT_BUNDLE_IDENTIFIER = "JJW.------Tests";
				PRODUCT_NAME = "$(TARGET_NAME)";
				TEST_HOST = "$(BUILT_PRODUCTS_DIR)/固态数字键盘.app/固态数字键盘";
			};
			name = Release;
		};
		4879FE401D71D3FC0028E3F8 /* Debug */ = {
			isa = XCBuildConfiguration;
			buildSettings = {
				INFOPLIST_FILE = "固态数字键盘UITests/Info.plist";
				LD_RUNPATH_SEARCH_PATHS = "$(inherited) @executable_path/Frameworks @loader_path/Frameworks";
				PRODUCT_BUNDLE_IDENTIFIER = "JJW.------UITests";
				PRODUCT_NAME = "$(TARGET_NAME)";
				TEST_TARGET_NAME = "固态数字键盘";
			};
			name = Debug;
		};
		4879FE411D71D3FC0028E3F8 /* Release */ = {
			isa = XCBuildConfiguration;
			buildSettings = {
				INFOPLIST_FILE = "固态数字键盘UITests/Info.plist";
				LD_RUNPATH_SEARCH_PATHS = "$(inherited) @executable_path/Frameworks @loader_path/Frameworks";
				PRODUCT_BUNDLE_IDENTIFIER = "JJW.------UITests";
				PRODUCT_NAME = "$(TARGET_NAME)";
				TEST_TARGET_NAME = "固态数字键盘";
			};
			name = Release;
		};
/* End XCBuildConfiguration section */

/* Begin XCConfigurationList section */
		4879FE041D71D3FC0028E3F8 /* Build configuration list for PBXProject "固态数字键盘" */ = {
			isa = XCConfigurationList;
			buildConfigurations = (
				4879FE371D71D3FC0028E3F8 /* Debug */,
				4879FE381D71D3FC0028E3F8 /* Release */,
			);
			defaultConfigurationIsVisible = 0;
			defaultConfigurationName = Release;
		};
		4879FE391D71D3FC0028E3F8 /* Build configuration list for PBXNativeTarget "固态数字键盘" */ = {
			isa = XCConfigurationList;
			buildConfigurations = (
				4879FE3A1D71D3FC0028E3F8 /* Debug */,
				4879FE3B1D71D3FC0028E3F8 /* Release */,
			);
			defaultConfigurationIsVisible = 0;
		};
		4879FE3C1D71D3FC0028E3F8 /* Build configuration list for PBXNativeTarget "固态数字键盘Tests" */ = {
			isa = XCConfigurationList;
			buildConfigurations = (
				4879FE3D1D71D3FC0028E3F8 /* Debug */,
				4879FE3E1D71D3FC0028E3F8 /* Release */,
			);
			defaultConfigurationIsVisible = 0;
		};
		4879FE3F1D71D3FC0028E3F8 /* Build configuration list for PBXNativeTarget "固态数字键盘UITests" */ = {
			isa = XCConfigurationList;
			buildConfigurations = (
				4879FE401D71D3FC0028E3F8 /* Debug */,
				4879FE411D71D3FC0028E3F8 /* Release */,
			);
			defaultConfigurationIsVisible = 0;
		};
/* End XCConfigurationList section */

/* Begin XCVersionGroup section */
		4879FE181D71D3FC0028E3F8 /* ______.xcdatamodeld */ = {
			isa = XCVersionGroup;
			children = (
				4879FE191D71D3FC0028E3F8 /* ______.xcdatamodel */,
			);
			currentVersion = 4879FE191D71D3FC0028E3F8 /* ______.xcdatamodel */;
			path = "______.xcdatamodeld";
			sourceTree = "<group>";
			versionGroupType = wrapper.xcdatamodel;
		};
/* End XCVersionGroup section */
	};
	rootObject = 4879FE011D71D3FC0028E3F8 /* Project object */;
}
